github.com/gocarina/gocsv v0.0.0-20200330101823-46266ca37bd3 h1:B7k6N+JlLM/u1xrIkpifUfE7GRJsZIYHoHbiAa5cSP4=
github.com/gocarina/gocsv v0.0.0-20200330101823-46266ca37bd3/go.mod h1:5YoVOkjYAQumqlV356Hj3xeYh4BdZuLE0/nRkf2NKkI=
github.com/matryer/is v1.3.0 h1:9qiso3jaJrOe6qBRJRBt2Ldht05qDiFP9le0JOIhRSI=
github.com/matryer/is v1.3.0/go.mod h1:2fLPjFQM9rhQ15aVEtbuwhJinnOqrmgXPNdZsdwlWXA=
